// !$*UTF8*$!
{
	archiveVersion = 1;
	classes = {
	};
	objectVersion = 46;
	objects = {

/* Begin PBXBuildFile section */
		F5FF60421D390E9900EEA21C /* AppDelegate.swift in Sources */ = {isa = PBXBuildFile; fileRef = F5FF60411D390E9900EEA21C /* AppDelegate.swift */; };
		F5FF60441D390E9900EEA21C /* ViewController.swift in Sources */ = {isa = PBXBuildFile; fileRef = F5FF60431D390E9900EEA21C /* ViewController.swift */; };
		F5FF60471D390E9900EEA21C /* Main.storyboard in Resources */ = {isa = PBXBuildFile; fileRef = F5FF60451D390E9900EEA21C /* Main.storyboard */; };
		F5FF604A1D390E9900EEA21C /* MKMapKitDemo.xcdatamodeld in Sources */ = {isa = PBXBuildFile; fileRef = F5FF60481D390E9900EEA21C /* MKMapKitDemo.xcdatamodeld */; };
		F5FF604C1D390E9900EEA21C /* Assets.xcassets in Resources */ = {isa = PBXBuildFile; fileRef = F5FF604B1D390E9900EEA21C /* Assets.xcassets */; };
		F5FF604F1D390E9900EEA21C /* LaunchScreen.storyboard in Resources */ = {isa = PBXBuildFile; fileRef = F5FF604D1D390E9900EEA21C /* LaunchScreen.storyboard */; };
/* End PBXBuildFile section */

/* Begin PBXFileReference section */
		F5FF603E1D390E9900EEA21C /* MKMapKitDemo.app */ = {isa = PBXFileReference; explicitFileType = wrapper.application; includeInIndex = 0; path = MKMapKitDemo.app; sourceTree = BUILT_PRODUCTS_DIR; };
		F5FF60411D390E9900EEA21C /* AppDelegate.swift */ = {isa = PBXFileReference; lastKnownFileType = sourcecode.swift; path = AppDelegate.swift; sourceTree = "<group>"; };
		F5FF60431D390E9900EEA21C /* ViewController.swift */ = {isa = PBXFileReference; lastKnownFileType = sourcecode.swift; path = ViewController.swift; sourceTree = "<group>"; };
		F5FF60461D390E9900EEA21C /* Base */ = {isa = PBXFileReference; lastKnownFileType = file.storyboard; name = Base; path = Base.lproj/Main.storyboard; sourceTree = "<group>"; };
		F5FF60491D390E9900EEA21C /* MKMapKitDemo.xcdatamodel */ = {isa = PBXFileReference; lastKnownFileType = wrapper.xcdatamodel; path = MKMapKitDemo.xcdatamodel; sourceTree = "<group>"; };
		F5FF604B1D390E9900EEA21C /* Assets.xcassets */ = {isa = PBXFileReference; lastKnownFileType = folder.assetcatalog; path = Assets.xcassets; sourceTree = "<group>"; };
		F5FF604E1D390E9900EEA21C /* Base */ = {isa = PBXFileReference; lastKnownFileType = file.storyboard; name = Base; path = Base.lproj/LaunchScreen.storyboard; sourceTree = "<group>"; };
		F5FF60501D390E9900EEA21C /* Info.plist */ = {isa = PBXFileReference; lastKnownFileType = text.plist.xml; path = Info.plist; sourceTree = "<group>"; };
/* End PBXFileReference section */

/* Begin PBXFrameworksBuildPhase section */
		F5FF603B1D390E9900EEA21C /* Frameworks */ = {
			isa = PBXFrameworksBuildPhase;
			buildActionMask = 2147483647;
			files = (
			);
			runOnlyForDeploymentPostprocessing = 0;
		};
/* End PBXFrameworksBuildPhase section */

/* Begin PBXGroup section */
		F5FF60351D390E9900EEA21C = {
			isa = PBXGroup;
			children = (
				F5FF60401D390E9900EEA21C /* MKMapKitDemo */,
				F5FF603F1D390E9900EEA21C /* Products */,
			);
			sourceTree = "<group>";
		};
		F5FF603F1D390E9900EEA21C /* Products */ = {
			isa = PBXGroup;
			children = (
				F5FF603E1D390E9900EEA21C /* MKMapKitDemo.app */,
			);
			name = Products;
			sourceTree = "<group>";
		};
		F5FF60401D390E9900EEA21C /* MKMapKitDemo */ = {
			isa = PBXGroup;
			children = (
				F5FF60411D390E9900EEA21C /* AppDelegate.swift */,
				F5FF60431D390E9900EEA21C /* ViewController.swift */,
				F5FF60451D390E9900EEA21C /* Main.storyboard */,
				F5FF604B1D390E9900EEA21C /* Assets.xcassets */,
				F5FF604D1D390E9900EEA21C /* LaunchScreen.storyboard */,
				F5FF60501D390E9900EEA21C /* Info.plist */,
				F5FF60481D390E9900EEA21C /* MKMapKitDemo.xcdatamodeld */,
			);
			path = MKMapKitDemo;
			sourceTree = "<group>";
		};
/* End PBXGroup section */

/* Begin PBXNativeTarget section */
		F5FF603D1D390E9900EEA21C /* MKMapKitDemo */ = {
			isa = PBXNativeTarget;
			buildConfigurationList = F5FF60531D390E9900EEA21C /* Build configuration list for PBXNativeTarget "MKMapKitDemo" */;
			buildPhases = (
				F5FF603A1D390E9900EEA21C /* Sources */,
				F5FF603B1D390E9900EEA21C /* Frameworks */,
				F5FF603C1D390E9900EEA21C /* Resources */,
			);
			buildRules = (
			);
			dependencies = (
			);
			name = MKMapKitDemo;
			productName = MKMapKitDemo;
			productReference = F5FF603E1D390E9900EEA21C /* MKMapKitDemo.app */;
			productType = "com.apple.product-type.application";
		};
/* End PBXNativeTarget section */

/* Begin PBXProject section */
		F5FF60361D390E9900EEA21C /* Project object */ = {
			isa = PBXProject;
			attributes = {
				LastSwiftUpdateCheck = 0730;
				LastUpgradeCheck = 0730;
				ORGANIZATIONNAME = smartSense;
				TargetAttributes = {
					F5FF603D1D390E9900EEA21C = {
						CreatedOnToolsVersion = 7.3.1;
					};
				};
			};
			buildConfigurationList = F5FF60391D390E9900EEA21C /* Build configuration list for PBXProject "MKMapKitDemo" */;
			compatibilityVersion = "Xcode 3.2";
			developmentRegion = English;
			hasScannedForEncodings = 0;
			knownRegions = (
				en,
				Base,
			);
			mainGroup = F5FF60351D390E9900EEA21C;
			productRefGroup = F5FF603F1D390E9900EEA21C /* Products */;
			projectDirPath = "";
			projectRoot = "";
			targets = (
				F5FF603D1D390E9900EEA21C /* MKMapKitDemo */,
			);
		};
/* End PBXProject section */

/* Begin PBXResourcesBuildPhase section */
		F5FF603C1D390E9900EEA21C /* Resources */ = {
			isa = PBXResourcesBuildPhase;
			buildActionMask = 2147483647;
			files = (
				F5FF604F1D390E9900EEA21C /* LaunchScreen.storyboard in Resources */,
				F5FF604C1D390E9900EEA21C /* Assets.xcassets in Resources */,
				F5FF60471D390E9900EEA21C /* Main.storyboard in Resources */,
			);
			runOnlyForDeploymentPostprocessing = 0;
		};
/* End PBXResourcesBuildPhase section */

/* Begin PBXSourcesBuildPhase section */
		F5FF603A1D390E9900EEA21C /* Sources */ = {
			isa = PBXSourcesBuildPhase;
			buildActionMask = 2147483647;
			files = (
				F5FF604A1D390E9900EEA21C /* MKMapKitDemo.xcdatamodeld in Sources */,
				F5FF60441D390E9900EEA21C /* ViewController.swift in Sources */,
				F5FF60421D390E9900EEA21C /* AppDelegate.swift in Sources */,
			);
			runOnlyForDeploymentPostprocessing = 0;
		};
/* End PBXSourcesBuildPhase section */

/* Begin PBXVariantGroup section */
		F5FF60451D390E9900EEA21C /* Main.storyboard */ = {
			isa = PBXVariantGroup;
			children = (
				F5FF60461D390E9900EEA21C /* Base */,
			);
			name = Main.storyboard;
			sourceTree = "<group>";
		};
		F5FF604D1D390E9900EEA21C /* LaunchScreen.storyboard */ = {
			isa = PBXVariantGroup;
			children = (
				F5FF604E1D390E9900EEA21C /* Base */,
			);
			name = LaunchScreen.storyboard;
			sourceTree = "<group>";
		};
/* End PBXVariantGroup section */

/* Begin XCBuildConfiguration section */
		F5FF60511D390E9900EEA21C /* Debug */ = {
			isa = XCBuildConfiguration;
			buildSettings = {
				ALWAYS_SEARCH_USER_PATHS = NO;
				CLANG_ANALYZER_NONNULL = YES;
				CLANG_CXX_LANGUAGE_STANDARD = "gnu++0x";
				CLANG_CXX_LIBRARY = "libc++";
				CLANG_ENABLE_MODULES = YES;
				CLANG_ENABLE_OBJC_ARC = YES;
				CLANG_WARN_BOOL_CONVERSION = YES;
				CLANG_WARN_CONSTANT_CONVERSION = YES;
				CLANG_WARN_DIRECT_OBJC_ISA_USAGE = YES_ERROR;
				CLANG_WARN_EMPTY_BODY = YES;
				CLANG_WARN_ENUM_CONVERSION = YES;
				CLANG_WARN_INT_CONVERSION = YES;
				CLANG_WARN_OBJC_ROOT_CLASS = YES_ERROR;
				CLANG_WARN_UNREACHABLE_CODE = YES;
				CLANG_WARN__DUPLICATE_METHOD_MATCH = YES;
				"CODE_SIGN_IDENTITY[sdk=iphoneos*]" = "iPhone Developer";
				COPY_PHASE_STRIP = NO;
				DEBUG_INFORMATION_FORMAT = dwarf;
				ENABLE_STRICT_OBJC_MSGSEND = YES;
				ENABLE_TESTABILITY = YES;
				GCC_C_LANGUAGE_STANDARD = gnu99;
				GCC_DYNAMIC_NO_PIC = NO;
				GCC_NO_COMMON_BLOCKS = YES;
				GCC_OPTIMIZATION_LEVEL = 0;
				GCC_PREPROCESSOR_DEFINITIONS = (
					"DEBUG=1",
					"$(inherited)",
				);
				GCC_WARN_64_TO_32_BIT_CONVERSION = YES;
				GCC_WARN_ABOUT_RETURN_TYPE = YES_ERROR;
				GCC_WARN_UNDECLARED_SELECTOR = YES;
				GCC_WARN_UNINITIALIZED_AUTOS = YES_AGGRESSIVE;
				GCC_WARN_UNUSED_FUNCTION = YES;
				GCC_WARN_UNUSED_VARIABLE = YES;
				IPHONEOS_DEPLOYMENT_TARGET = 9.3;
				MTL_ENABLE_DEBUG_INFO = YES;
				ONLY_ACTIVE_ARCH = YES;
				SDKROOT = iphoneos;
				SWIFT_OPTIMIZATION_LEVEL = "-Onone";
			};
			name = Debug;
		};
		F5FF60521D390E9900EEA21C /* Release */ = {
			isa = XCBuildConfiguration;
			buildSettings = {
				ALWAYS_SEARCH_USER_PATHS = NO;
				CLANG_ANALYZER_NONNULL = YES;
				CLANG_CXX_LANGUAGE_STANDARD = "gnu++0x";
				CLANG_CXX_LIBRARY = "libc++";
				CLANG_ENABLE_MODULES = YES;
				CLANG_ENABLE_OBJC_ARC = YES;
				CLANG_WARN_BOOL_CONVERSION = YES;
				CLANG_WARN_CONSTANT_CONVERSION = YES;
				CLANG_WARN_DIRECT_OBJC_ISA_USAGE = YES_ERROR;
				CLANG_WARN_EMPTY_BODY = YES;
				CLANG_WARN_ENUM_CONVERSION = YES;
				CLANG_WARN_INT_CONVERSION = YES;
				CLANG_WARN_OBJC_ROOT_CLASS = YES_ERROR;
				CLANG_WARN_UNREACHABLE_CODE = YES;
				CLANG_WARN__DUPLICATE_METHOD_MATCH = YES;
				"CODE_SIGN_IDENTITY[sdk=iphoneos*]" = "iPhone Developer";
				COPY_PHASE_STRIP = NO;
				DEBUG_INFORMATION_FORMAT = "dwarf-with-dsym";
				ENABLE_NS_ASSERTIONS = NO;
				ENABLE_STRICT_OBJC_MSGSEND = YES;
				GCC_C_LANGUAGE_STANDARD = gnu99;
				GCC_NO_COMMON_BLOCKS = YES;
				GCC_WARN_64_TO_32_BIT_CONVERSION = YES;
				GCC_WARN_ABOUT_RETURN_TYPE = YES_ERROR;
				GCC_WARN_UNDECLARED_SELECTOR = YES;
				GCC_WARN_UNINITIALIZED_AUTOS = YES_AGGRESSIVE;
				GCC_WARN_UNUSED_FUNCTION = YES;
				GCC_WARN_UNUSED_VARIABLE = YES;
				IPHONEOS_DEPLOYMENT_TARGET = 9.3;
				MTL_ENABLE_DEBUG_INFO = NO;
				SDKROOT = iphoneos;
				VALIDATE_PRODUCT = YES;
			};
			name = Release;
		};
		F5FF60541D390E9900EEA21C /* Debug */ = {
			isa = XCBuildConfiguration;
			buildSettings = {
				ASSETCATALOG_COMPILER_APPICON_NAME = AppIcon;
				INFOPLIST_FILE = MKMapKitDemo/Info.plist;
				LD_RUNPATH_SEARCH_PATHS = "$(inherited) @executable_path/Frameworks";
				PRODUCT_BUNDLE_IDENTIFIER = com.test.MKMapKitDemo;
				PRODUCT_NAME = "$(TARGET_NAME)";
			};
			name = Debug;
		};
		F5FF60551D390E9900EEA21C /* Release */ = {
			isa = XCBuildConfiguration;
			buildSettings = {
				ASSETCATALOG_COMPILER_APPICON_NAME = AppIcon;
				INFOPLIST_FILE = MKMapKitDemo/Info.plist;
				LD_RUNPATH_SEARCH_PATHS = "$(inherited) @executable_path/Frameworks";
				PRODUCT_BUNDLE_IDENTIFIER = com.test.MKMapKitDemo;
				PRODUCT_NAME = "$(TARGET_NAME)";
			};
			name = Release;
		};
/* End XCBuildConfiguration section */

/* Begin XCConfigurationList section */
		F5FF60391D390E9900EEA21C /* Build configuration list for PBXProject "MKMapKitDemo" */ = {
			isa = XCConfigurationList;
			buildConfigurations = (
				F5FF60511D390E9900EEA21C /* Debug */,
				F5FF60521D390E9900EEA21C /* Release */,
			);
			defaultConfigurationIsVisible = 0;
			defaultConfigurationName = Release;
		};
		F5FF60531D390E9900EEA21C /* Build configuration list for PBXNativeTarget "MKMapKitDemo" */ = {
			isa = XCConfigurationList;
			buildConfigurations = (
				F5FF60541D390E9900EEA21C /* Debug */,
				F5FF60551D390E9900EEA21C /* Release */,
			);
			defaultConfigurationIsVisible = 0;
		};
/* End XCConfigurationList section */

/* Begin XCVersionGroup section */
		F5FF60481D390E9900EEA21C /* MKMapKitDemo.xcdatamodeld */ = {
			isa = XCVersionGroup;
			children = (
				F5FF60491D390E9900EEA21C /* MKMapKitDemo.xcdatamodel */,
			);
			currentVersion = F5FF60491D390E9900EEA21C /* MKMapKitDemo.xcdatamodel */;
			path = MKMapKitDemo.xcdatamodeld;
			sourceTree = "<group>";
			versionGroupType = wrapper.xcdatamodel;
		};
/* End XCVersionGroup section */
	};
	rootObject = F5FF60361D390E9900EEA21C /* Project object */;
}
